// !$*UTF8*$!
{
	archiveVersion = 1;
	classes = {
	};
	objectVersion = 50;
	objects = {

/* Begin PBXBuildFile section */
		834F3CDA24435EF500130B99 /* AppDelegate.swift in Sources */ = {isa = PBXBuildFile; fileRef = 834F3CD924435EF500130B99 /* AppDelegate.swift */; };
		834F3CDC24435EF500130B99 /* SceneDelegate.swift in Sources */ = {isa = PBXBuildFile; fileRef = 834F3CDB24435EF500130B99 /* SceneDelegate.swift */; };
		834F3CDF24435EF500130B99 /* Observable_Object.xcdatamodeld in Sources */ = {isa = PBXBuildFile; fileRef = 834F3CDD24435EF500130B99 /* Observable_Object.xcdatamodeld */; };
		834F3CE124435EF500130B99 /* ContentView.swift in Sources */ = {isa = PBXBuildFile; fileRef = 834F3CE024435EF500130B99 /* ContentView.swift */; };
		834F3CE324435EFC00130B99 /* Assets.xcassets in Resources */ = {isa = PBXBuildFile; fileRef = 834F3CE224435EFC00130B99 /* Assets.xcassets */; };
		834F3CE624435EFC00130B99 /* Preview Assets.xcassets in Resources */ = {isa = PBXBuildFile; fileRef = 834F3CE524435EFC00130B99 /* Preview Assets.xcassets */; };
		834F3CE924435EFC00130B99 /* LaunchScreen.storyboard in Resources */ = {isa = PBXBuildFile; fileRef = 834F3CE724435EFC00130B99 /* LaunchScreen.storyboard */; };
		834F3CF424435EFC00130B99 /* Observable_ObjectTests.swift in Sources */ = {isa = PBXBuildFile; fileRef = 834F3CF324435EFC00130B99 /* Observable_ObjectTests.swift */; };
		834F3CFF24435EFC00130B99 /* Observable_ObjectUITests.swift in Sources */ = {isa = PBXBuildFile; fileRef = 834F3CFE24435EFC00130B99 /* Observable_ObjectUITests.swift */; };
		834F3D0D24435F5700130B99 /* UserSettings.swift in Sources */ = {isa = PBXBuildFile; fileRef = 834F3D0C24435F5700130B99 /* UserSettings.swift */; };
/* End PBXBuildFile section */

/* Begin PBXContainerItemProxy section */
		834F3CF024435EFC00130B99 /* PBXContainerItemProxy */ = {
			isa = PBXContainerItemProxy;
			containerPortal = 834F3CCE24435EF500130B99 /* Project object */;
			proxyType = 1;
			remoteGlobalIDString = 834F3CD524435EF500130B99;
			remoteInfo = "Observable Object";
		};
		834F3CFB24435EFC00130B99 /* PBXContainerItemProxy */ = {
			isa = PBXContainerItemProxy;
			containerPortal = 834F3CCE24435EF500130B99 /* Project object */;
			proxyType = 1;
			remoteGlobalIDString = 834F3CD524435EF500130B99;
			remoteInfo = "Observable Object";
		};
/* End PBXContainerItemProxy section */

/* Begin PBXFileReference section */
		834F3CD624435EF500130B99 /* Observable Object.app */ = {isa = PBXFileReference; explicitFileType = wrapper.application; includeInIndex = 0; path = "Observable Object.app"; sourceTree = BUILT_PRODUCTS_DIR; };
		834F3CD924435EF500130B99 /* AppDelegate.swift */ = {isa = PBXFileReference; lastKnownFileType = sourcecode.swift; path = AppDelegate.swift; sourceTree = "<group>"; };
		834F3CDB24435EF500130B99 /* SceneDelegate.swift */ = {isa = PBXFileReference; lastKnownFileType = sourcecode.swift; path = SceneDelegate.swift; sourceTree = "<group>"; };
		834F3CDE24435EF500130B99 /* Observable_Object.xcdatamodel */ = {isa = PBXFileReference; lastKnownFileType = wrapper.xcdatamodel; path = Observable_Object.xcdatamodel; sourceTree = "<group>"; };
		834F3CE024435EF500130B99 /* ContentView.swift */ = {isa = PBXFileReference; lastKnownFileType = sourcecode.swift; path = ContentView.swift; sourceTree = "<group>"; };
		834F3CE224435EFC00130B99 /* Assets.xcassets */ = {isa = PBXFileReference; lastKnownFileType = folder.assetcatalog; path = Assets.xcassets; sourceTree = "<group>"; };
		834F3CE524435EFC00130B99 /* Preview Assets.xcassets */ = {isa = PBXFileReference; lastKnownFileType = folder.assetcatalog; path = "Preview Assets.xcassets"; sourceTree = "<group>"; };
		834F3CE824435EFC00130B99 /* Base */ = {isa = PBXFileReference; lastKnownFileType = file.storyboard; name = Base; path = Base.lproj/LaunchScreen.storyboard; sourceTree = "<group>"; };
		834F3CEA24435EFC00130B99 /* Info.plist */ = {isa = PBXFileReference; lastKnownFileType = text.plist.xml; path = Info.plist; sourceTree = "<group>"; };
		834F3CEF24435EFC00130B99 /* Observable ObjectTests.xctest */ = {isa = PBXFileReference; explicitFileType = wrapper.cfbundle; includeInIndex = 0; path = "Observable ObjectTests.xctest"; sourceTree = BUILT_PRODUCTS_DIR; };
		834F3CF324435EFC00130B99 /* Observable_ObjectTests.swift */ = {isa = PBXFileReference; lastKnownFileType = sourcecode.swift; path = Observable_ObjectTests.swift; sourceTree = "<group>"; };
		834F3CF524435EFC00130B99 /* Info.plist */ = {isa = PBXFileReference; lastKnownFileType = text.plist.xml; path = Info.plist; sourceTree = "<group>"; };
		834F3CFA24435EFC00130B99 /* Observable ObjectUITests.xctest */ = {isa = PBXFileReference; explicitFileType = wrapper.cfbundle; includeInIndex = 0; path = "Observable ObjectUITests.xctest"; sourceTree = BUILT_PRODUCTS_DIR; };
		834F3CFE24435EFC00130B99 /* Observable_ObjectUITests.swift */ = {isa = PBXFileReference; lastKnownFileType = sourcecode.swift; path = Observable_ObjectUITests.swift; sourceTree = "<group>"; };
		834F3D0024435EFC00130B99 /* Info.plist */ = {isa = PBXFileReference; lastKnownFileType = text.plist.xml; path = Info.plist; sourceTree = "<group>"; };
		834F3D0C24435F5700130B99 /* UserSettings.swift */ = {isa = PBXFileReference; lastKnownFileType = sourcecode.swift; path = UserSettings.swift; sourceTree = "<group>"; };
/* End PBXFileReference section */

/* Begin PBXFrameworksBuildPhase section */
		834F3CD324435EF500130B99 /* Frameworks */ = {
			isa = PBXFrameworksBuildPhase;
			buildActionMask = 2147483647;
			files = (
			);
			runOnlyForDeploymentPostprocessing = 0;
		};
		834F3CEC24435EFC00130B99 /* Frameworks */ = {
			isa = PBXFrameworksBuildPhase;
			buildActionMask = 2147483647;
			files = (
			);
			runOnlyForDeploymentPostprocessing = 0;
		};
		834F3CF724435EFC00130B99 /* Frameworks */ = {
			isa = PBXFrameworksBuildPhase;
			buildActionMask = 2147483647;
			files = (
			);
			runOnlyForDeploymentPostprocessing = 0;
		};
/* End PBXFrameworksBuildPhase section */

/* Begin PBXGroup section */
		834F3CCD24435EF500130B99 = {
			isa = PBXGroup;
			children = (
				834F3CD824435EF500130B99 /* Observable Object */,
				834F3CF224435EFC00130B99 /* Observable ObjectTests */,
				834F3CFD24435EFC00130B99 /* Observable ObjectUITests */,
				834F3CD724435EF500130B99 /* Products */,
			);
			sourceTree = "<group>";
		};
		834F3CD724435EF500130B99 /* Products */ = {
			isa = PBXGroup;
			children = (
				834F3CD624435EF500130B99 /* Observable Object.app */,
				834F3CEF24435EFC00130B99 /* Observable ObjectTests.xctest */,
				834F3CFA24435EFC00130B99 /* Observable ObjectUITests.xctest */,
			);
			name = Products;
			sourceTree = "<group>";
		};
		834F3CD824435EF500130B99 /* Observable Object */ = {
			isa = PBXGroup;
			children = (
				834F3CD924435EF500130B99 /* AppDelegate.swift */,
				834F3CDB24435EF500130B99 /* SceneDelegate.swift */,
				834F3CE024435EF500130B99 /* ContentView.swift */,
				834F3CE224435EFC00130B99 /* Assets.xcassets */,
				834F3CE724435EFC00130B99 /* LaunchScreen.storyboard */,
				834F3CEA24435EFC00130B99 /* Info.plist */,
				834F3CDD24435EF500130B99 /* Observable_Object.xcdatamodeld */,
				834F3CE424435EFC00130B99 /* Preview Content */,
				834F3D0C24435F5700130B99 /* UserSettings.swift */,
			);
			path = "Observable Object";
			sourceTree = "<group>";
		};
		834F3CE424435EFC00130B99 /* Preview Content */ = {
			isa = PBXGroup;
			children = (
				834F3CE524435EFC00130B99 /* Preview Assets.xcassets */,
			);
			path = "Preview Content";
			sourceTree = "<group>";
		};
		834F3CF224435EFC00130B99 /* Observable ObjectTests */ = {
			isa = PBXGroup;
			children = (
				834F3CF324435EFC00130B99 /* Observable_ObjectTests.swift */,
				834F3CF524435EFC00130B99 /* Info.plist */,
			);
			path = "Observable ObjectTests";
			sourceTree = "<group>";
		};
		834F3CFD24435EFC00130B99 /* Observable ObjectUITests */ = {
			isa = PBXGroup;
			children = (
				834F3CFE24435EFC00130B99 /* Observable_ObjectUITests.swift */,
				834F3D0024435EFC00130B99 /* Info.plist */,
			);
			path = "Observable ObjectUITests";
			sourceTree = "<group>";
		};
/* End PBXGroup section */

/* Begin PBXNativeTarget section */
		834F3CD524435EF500130B99 /* Observable Object */ = {
			isa = PBXNativeTarget;
			buildConfigurationList = 834F3D0324435EFC00130B99 /* Build configuration list for PBXNativeTarget "Observable Object" */;
			buildPhases = (
				834F3CD224435EF500130B99 /* Sources */,
				834F3CD324435EF500130B99 /* Frameworks */,
				834F3CD424435EF500130B99 /* Resources */,
			);
			buildRules = (
			);
			dependencies = (
			);
			name = "Observable Object";
			productName = "Observable Object";
			productReference = 834F3CD624435EF500130B99 /* Observable Object.app */;
			productType = "com.apple.product-type.application";
		};
		834F3CEE24435EFC00130B99 /* Observable ObjectTests */ = {
			isa = PBXNativeTarget;
			buildConfigurationList = 834F3D0624435EFC00130B99 /* Build configuration list for PBXNativeTarget "Observable ObjectTests" */;
			buildPhases = (
				834F3CEB24435EFC00130B99 /* Sources */,
				834F3CEC24435EFC00130B99 /* Frameworks */,
				834F3CED24435EFC00130B99 /* Resources */,
			);
			buildRules = (
			);
			dependencies = (
				834F3CF124435EFC00130B99 /* PBXTargetDependency */,
			);
			name = "Observable ObjectTests";
			productName = "Observable ObjectTests";
			productReference = 834F3CEF24435EFC00130B99 /* Observable ObjectTests.xctest */;
			productType = "com.apple.product-type.bundle.unit-test";
		};
		834F3CF924435EFC00130B99 /* Observable ObjectUITests */ = {
			isa = PBXNativeTarget;
			buildConfigurationList = 834F3D0924435EFC00130B99 /* Build configuration list for PBXNativeTarget "Observable ObjectUITests" */;
			buildPhases = (
				834F3CF624435EFC00130B99 /* Sources */,
				834F3CF724435EFC00130B99 /* Frameworks */,
				834F3CF824435EFC00130B99 /* Resources */,
			);
			buildRules = (
			);
			dependencies = (
				834F3CFC24435EFC00130B99 /* PBXTargetDependency */,
			);
			name = "Observable ObjectUITests";
			productName = "Observable ObjectUITests";
			productReference = 834F3CFA24435EFC00130B99 /* Observable ObjectUITests.xctest */;
			productType = "com.apple.product-type.bundle.ui-testing";
		};
/* End PBXNativeTarget section */

/* Begin PBXProject section */
		834F3CCE24435EF500130B99 /* Project object */ = {
			isa = PBXProject;
			attributes = {
				LastSwiftUpdateCheck = 1130;
				LastUpgradeCheck = 1130;
				ORGANIZATIONNAME = Wanhar;
				TargetAttributes = {
					834F3CD524435EF500130B99 = {
						CreatedOnToolsVersion = 11.3.1;
					};
					834F3CEE24435EFC00130B99 = {
						CreatedOnToolsVersion = 11.3.1;
						TestTargetID = 834F3CD524435EF500130B99;
					};
					834F3CF924435EFC00130B99 = {
						CreatedOnToolsVersion = 11.3.1;
						TestTargetID = 834F3CD524435EF500130B99;
					};
				};
			};
			buildConfigurationList = 834F3CD124435EF500130B99 /* Build configuration list for PBXProject "Observable Object" */;
			compatibilityVersion = "Xcode 9.3";
			developmentRegion = en;
			hasScannedForEncodings = 0;
			knownRegions = (
				en,
				Base,
			);
			mainGroup = 834F3CCD24435EF500130B99;
			productRefGroup = 834F3CD724435EF500130B99 /* Products */;
			projectDirPath = "";
			projectRoot = "";
			targets = (
				834F3CD524435EF500130B99 /* Observable Object */,
				834F3CEE24435EFC00130B99 /* Observable ObjectTests */,
				834F3CF924435EFC00130B99 /* Observable ObjectUITests */,
			);
		};
/* End PBXProject section */

/* Begin PBXResourcesBuildPhase section */
		834F3CD424435EF500130B99 /* Resources */ = {
			isa = PBXResourcesBuildPhase;
			buildActionMask = 2147483647;
			files = (
				834F3CE924435EFC00130B99 /* LaunchScreen.storyboard in Resources */,
				834F3CE624435EFC00130B99 /* Preview Assets.xcassets in Resources */,
				834F3CE324435EFC00130B99 /* Assets.xcassets in Resources */,
			);
			runOnlyForDeploymentPostprocessing = 0;
		};
		834F3CED24435EFC00130B99 /* Resources */ = {
			isa = PBXResourcesBuildPhase;
			buildActionMask = 2147483647;
			files = (
			);
			runOnlyForDeploymentPostprocessing = 0;
		};
		834F3CF824435EFC00130B99 /* Resources */ = {
			isa = PBXResourcesBuildPhase;
			buildActionMask = 2147483647;
			files = (
			);
			runOnlyForDeploymentPostprocessing = 0;
		};
/* End PBXResourcesBuildPhase section */

/* Begin PBXSourcesBuildPhase section */
		834F3CD224435EF500130B99 /* Sources */ = {
			isa = PBXSourcesBuildPhase;
			buildActionMask = 2147483647;
			files = (
				834F3CDA24435EF500130B99 /* AppDelegate.swift in Sources */,
				834F3CDC24435EF500130B99 /* SceneDelegate.swift in Sources */,
				834F3CE124435EF500130B99 /* ContentView.swift in Sources */,
				834F3D0D24435F5700130B99 /* UserSettings.swift in Sources */,
				834F3CDF24435EF500130B99 /* Observable_Object.xcdatamodeld in Sources */,
			);
			runOnlyForDeploymentPostprocessing = 0;
		};
		834F3CEB24435EFC00130B99 /* Sources */ = {
			isa = PBXSourcesBuildPhase;
			buildActionMask = 2147483647;
			files = (
				834F3CF424435EFC00130B99 /* Observable_ObjectTests.swift in Sources */,
			);
			runOnlyForDeploymentPostprocessing = 0;
		};
		834F3CF624435EFC00130B99 /* Sources */ = {
			isa = PBXSourcesBuildPhase;
			buildActionMask = 2147483647;
			files = (
				834F3CFF24435EFC00130B99 /* Observable_ObjectUITests.swift in Sources */,
			);
			runOnlyForDeploymentPostprocessing = 0;
		};
/* End PBXSourcesBuildPhase section */

/* Begin PBXTargetDependency section */
		834F3CF124435EFC00130B99 /* PBXTargetDependency */ = {
			isa = PBXTargetDependency;
			target = 834F3CD524435EF500130B99 /* Observable Object */;
			targetProxy = 834F3CF024435EFC00130B99 /* PBXContainerItemProxy */;
		};
		834F3CFC24435EFC00130B99 /* PBXTargetDependency */ = {
			isa = PBXTargetDependency;
			target = 834F3CD524435EF500130B99 /* Observable Object */;
			targetProxy = 834F3CFB24435EFC00130B99 /* PBXContainerItemProxy */;
		};
/* End PBXTargetDependency section */

/* Begin PBXVariantGroup section */
		834F3CE724435EFC00130B99 /* LaunchScreen.storyboard */ = {
			isa = PBXVariantGroup;
			children = (
				834F3CE824435EFC00130B99 /* Base */,
			);
			name = LaunchScreen.storyboard;
			sourceTree = "<group>";
		};
/* End PBXVariantGroup section */

/* Begin XCBuildConfiguration section */
		834F3D0124435EFC00130B99 /* Debug */ = {
			isa = XCBuildConfiguration;
			buildSettings = {
				ALWAYS_SEARCH_USER_PATHS = NO;
				CLANG_ANALYZER_NONNULL = YES;
				CLANG_ANALYZER_NUMBER_OBJECT_CONVERSION = YES_AGGRESSIVE;
				CLANG_CXX_LANGUAGE_STANDARD = "gnu++14";
				CLANG_CXX_LIBRARY = "libc++";
				CLANG_ENABLE_MODULES = YES;
				CLANG_ENABLE_OBJC_ARC = YES;
				CLANG_ENABLE_OBJC_WEAK = YES;
				CLANG_WARN_BLOCK_CAPTURE_AUTORELEASING = YES;
				CLANG_WARN_BOOL_CONVERSION = YES;
				CLANG_WARN_COMMA = YES;
				CLANG_WARN_CONSTANT_CONVERSION = YES;
				CLANG_WARN_DEPRECATED_OBJC_IMPLEMENTATIONS = YES;
				CLANG_WARN_DIRECT_OBJC_ISA_USAGE = YES_ERROR;
				CLANG_WARN_DOCUMENTATION_COMMENTS = YES;
				CLANG_WARN_EMPTY_BODY = YES;
				CLANG_WARN_ENUM_CONVERSION = YES;
				CLANG_WARN_INFINITE_RECURSION = YES;
				CLANG_WARN_INT_CONVERSION = YES;
				CLANG_WARN_NON_LITERAL_NULL_CONVERSION = YES;
				CLANG_WARN_OBJC_IMPLICIT_RETAIN_SELF = YES;
				CLANG_WARN_OBJC_LITERAL_CONVERSION = YES;
				CLANG_WARN_OBJC_ROOT_CLASS = YES_ERROR;
				CLANG_WARN_RANGE_LOOP_ANALYSIS = YES;
				CLANG_WARN_STRICT_PROTOTYPES = YES;
				CLANG_WARN_SUSPICIOUS_MOVE = YES;
				CLANG_WARN_UNGUARDED_AVAILABILITY = YES_AGGRESSIVE;
				CLANG_WARN_UNREACHABLE_CODE = YES;
				CLANG_WARN__DUPLICATE_METHOD_MATCH = YES;
				COPY_PHASE_STRIP = NO;
				DEBUG_INFORMATION_FORMAT = dwarf;
				ENABLE_STRICT_OBJC_MSGSEND = YES;
				ENABLE_TESTABILITY = YES;
				GCC_C_LANGUAGE_STANDARD = gnu11;
				GCC_DYNAMIC_NO_PIC = NO;
				GCC_NO_COMMON_BLOCKS = YES;
				GCC_OPTIMIZATION_LEVEL = 0;
				GCC_PREPROCESSOR_DEFINITIONS = (
					"DEBUG=1",
					"$(inherited)",
				);
				GCC_WARN_64_TO_32_BIT_CONVERSION = YES;
				GCC_WARN_ABOUT_RETURN_TYPE = YES_ERROR;
				GCC_WARN_UNDECLARED_SELECTOR = YES;
				GCC_WARN_UNINITIALIZED_AUTOS = YES_AGGRESSIVE;
				GCC_WARN_UNUSED_FUNCTION = YES;
				GCC_WARN_UNUSED_VARIABLE = YES;
				IPHONEOS_DEPLOYMENT_TARGET = 13.2;
				MTL_ENABLE_DEBUG_INFO = INCLUDE_SOURCE;
				MTL_FAST_MATH = YES;
				ONLY_ACTIVE_ARCH = YES;
				SDKROOT = iphoneos;
				SWIFT_ACTIVE_COMPILATION_CONDITIONS = DEBUG;
				SWIFT_OPTIMIZATION_LEVEL = "-Onone";
			};
			name = Debug;
		};
		834F3D0224435EFC00130B99 /* Release */ = {
			isa = XCBuildConfiguration;
			buildSettings = {
				ALWAYS_SEARCH_USER_PATHS = NO;
				CLANG_ANALYZER_NONNULL = YES;
				CLANG_ANALYZER_NUMBER_OBJECT_CONVERSION = YES_AGGRESSIVE;
				CLANG_CXX_LANGUAGE_STANDARD = "gnu++14";
				CLANG_CXX_LIBRARY = "libc++";
				CLANG_ENABLE_MODULES = YES;
				CLANG_ENABLE_OBJC_ARC = YES;
				CLANG_ENABLE_OBJC_WEAK = YES;
				CLANG_WARN_BLOCK_CAPTURE_AUTORELEASING = YES;
				CLANG_WARN_BOOL_CONVERSION = YES;
				CLANG_WARN_COMMA = YES;
				CLANG_WARN_CONSTANT_CONVERSION = YES;
				CLANG_WARN_DEPRECATED_OBJC_IMPLEMENTATIONS = YES;
				CLANG_WARN_DIRECT_OBJC_ISA_USAGE = YES_ERROR;
				CLANG_WARN_DOCUMENTATION_COMMENTS = YES;
				CLANG_WARN_EMPTY_BODY = YES;
				CLANG_WARN_ENUM_CONVERSION = YES;
				CLANG_WARN_INFINITE_RECURSION = YES;
				CLANG_WARN_INT_CONVERSION = YES;
				CLANG_WARN_NON_LITERAL_NULL_CONVERSION = YES;
				CLANG_WARN_OBJC_IMPLICIT_RETAIN_SELF = YES;
				CLANG_WARN_OBJC_LITERAL_CONVERSION = YES;
				CLANG_WARN_OBJC_ROOT_CLASS = YES_ERROR;
				CLANG_WARN_RANGE_LOOP_ANALYSIS = YES;
				CLANG_WARN_STRICT_PROTOTYPES = YES;
				CLANG_WARN_SUSPICIOUS_MOVE = YES;
				CLANG_WARN_UNGUARDED_AVAILABILITY = YES_AGGRESSIVE;
				CLANG_WARN_UNREACHABLE_CODE = YES;
				CLANG_WARN__DUPLICATE_METHOD_MATCH = YES;
				COPY_PHASE_STRIP = NO;
				DEBUG_INFORMATION_FORMAT = "dwarf-with-dsym";
				ENABLE_NS_ASSERTIONS = NO;
				ENABLE_STRICT_OBJC_MSGSEND = YES;
				GCC_C_LANGUAGE_STANDARD = gnu11;
				GCC_NO_COMMON_BLOCKS = YES;
				GCC_WARN_64_TO_32_BIT_CONVERSION = YES;
				GCC_WARN_ABOUT_RETURN_TYPE = YES_ERROR;
				GCC_WARN_UNDECLARED_SELECTOR = YES;
				GCC_WARN_UNINITIALIZED_AUTOS = YES_AGGRESSIVE;
				GCC_WARN_UNUSED_FUNCTION = YES;
				GCC_WARN_UNUSED_VARIABLE = YES;
				IPHONEOS_DEPLOYMENT_TARGET = 13.2;
				MTL_ENABLE_DEBUG_INFO = NO;
				MTL_FAST_MATH = YES;
				SDKROOT = iphoneos;
				SWIFT_COMPILATION_MODE = wholemodule;
				SWIFT_OPTIMIZATION_LEVEL = "-O";
				VALIDATE_PRODUCT = YES;
			};
			name = Release;
		};
		834F3D0424435EFC00130B99 /* Debug */ = {
			isa = XCBuildConfiguration;
			buildSettings = {
				ASSETCATALOG_COMPILER_APPICON_NAME = AppIcon;
				CODE_SIGN_STYLE = Automatic;
				DEVELOPMENT_ASSET_PATHS = "\"Observable Object/Preview Content\"";
				DEVELOPMENT_TEAM = D9X49T6R38;
				ENABLE_PREVIEWS = YES;
				INFOPLIST_FILE = "Observable Object/Info.plist";
				LD_RUNPATH_SEARCH_PATHS = (
					"$(inherited)",
					"@executable_path/Frameworks",
				);
				PRODUCT_BUNDLE_IDENTIFIER = "com.katakalar.Observable-Object";
				PRODUCT_NAME = "$(TARGET_NAME)";
				SWIFT_VERSION = 5.0;
				TARGETED_DEVICE_FAMILY = "1,2";
			};
			name = Debug;
		};
		834F3D0524435EFC00130B99 /* Release */ = {
			isa = XCBuildConfiguration;
			buildSettings = {
				ASSETCATALOG_COMPILER_APPICON_NAME = AppIcon;
				CODE_SIGN_STYLE = Automatic;
				DEVELOPMENT_ASSET_PATHS = "\"Observable Object/Preview Content\"";
				DEVELOPMENT_TEAM = D9X49T6R38;
				ENABLE_PREVIEWS = YES;
				INFOPLIST_FILE = "Observable Object/Info.plist";
				LD_RUNPATH_SEARCH_PATHS = (
					"$(inherited)",
					"@executable_path/Frameworks",
				);
				PRODUCT_BUNDLE_IDENTIFIER = "com.katakalar.Observable-Object";
				PRODUCT_NAME = "$(TARGET_NAME)";
				SWIFT_VERSION = 5.0;
				TARGETED_DEVICE_FAMILY = "1,2";
			};
			name = Release;
		};
		834F3D0724435EFC00130B99 /* Debug */ = {
			isa = XCBuildConfiguration;
			buildSettings = {
				ALWAYS_EMBED_SWIFT_STANDARD_LIBRARIES = YES;
				BUNDLE_LOADER = "$(TEST_HOST)";
				CODE_SIGN_STYLE = Automatic;
				DEVELOPMENT_TEAM = D9X49T6R38;
				INFOPLIST_FILE = "Observable ObjectTests/Info.plist";
				IPHONEOS_DEPLOYMENT_TARGET = 13.2;
				LD_RUNPATH_SEARCH_PATHS = (
					"$(inherited)",
					"@executable_path/Frameworks",
					"@loader_path/Frameworks",
				);
				PRODUCT_BUNDLE_IDENTIFIER = "com.katakalar.Observable-ObjectTests";
				PRODUCT_NAME = "$(TARGET_NAME)";
				SWIFT_VERSION = 5.0;
				TARGETED_DEVICE_FAMILY = "1,2";
				TEST_HOST = "$(BUILT_PRODUCTS_DIR)/Observable Object.app/Observable Object";
			};
			name = Debug;
		};
		834F3D0824435EFC00130B99 /* Release */ = {
			isa = XCBuildConfiguration;
			buildSettings = {
				ALWAYS_EMBED_SWIFT_STANDARD_LIBRARIES = YES;
				BUNDLE_LOADER = "$(TEST_HOST)";
				CODE_SIGN_STYLE = Automatic;
				DEVELOPMENT_TEAM = D9X49T6R38;
				INFOPLIST_FILE = "Observable ObjectTests/Info.plist";
				IPHONEOS_DEPLOYMENT_TARGET = 13.2;
				LD_RUNPATH_SEARCH_PATHS = (
					"$(inherited)",
					"@executable_path/Frameworks",
					"@loader_path/Frameworks",
				);
				PRODUCT_BUNDLE_IDENTIFIER = "com.katakalar.Observable-ObjectTests";
				PRODUCT_NAME = "$(TARGET_NAME)";
				SWIFT_VERSION = 5.0;
				TARGETED_DEVICE_FAMILY = "1,2";
				TEST_HOST = "$(BUILT_PRODUCTS_DIR)/Observable Object.app/Observable Object";
			};
			name = Release;
		};
		834F3D0A24435EFC00130B99 /* Debug */ = {
			isa = XCBuildConfiguration;
			buildSettings = {
				ALWAYS_EMBED_SWIFT_STANDARD_LIBRARIES = YES;
				CODE_SIGN_STYLE = Automatic;
				DEVELOPMENT_TEAM = D9X49T6R38;
				INFOPLIST_FILE = "Observable ObjectUITests/Info.plist";
				LD_RUNPATH_SEARCH_PATHS = (
					"$(inherited)",
					"@executable_path/Frameworks",
					"@loader_path/Frameworks",
				);
				PRODUCT_BUNDLE_IDENTIFIER = "com.katakalar.Observable-ObjectUITests";
				PRODUCT_NAME = "$(TARGET_NAME)";
				SWIFT_VERSION = 5.0;
				TARGETED_DEVICE_FAMILY = "1,2";
				TEST_TARGET_NAME = "Observable Object";
			};
			name = Debug;
		};
		834F3D0B24435EFC00130B99 /* Release */ = {
			isa = XCBuildConfiguration;
			buildSettings = {
				ALWAYS_EMBED_SWIFT_STANDARD_LIBRARIES = YES;
				CODE_SIGN_STYLE = Automatic;
				DEVELOPMENT_TEAM = D9X49T6R38;
				INFOPLIST_FILE = "Observable ObjectUITests/Info.plist";
				LD_RUNPATH_SEARCH_PATHS = (
					"$(inherited)",
					"@executable_path/Frameworks",
					"@loader_path/Frameworks",
				);
				PRODUCT_BUNDLE_IDENTIFIER = "com.katakalar.Observable-ObjectUITests";
				PRODUCT_NAME = "$(TARGET_NAME)";
				SWIFT_VERSION = 5.0;
				TARGETED_DEVICE_FAMILY = "1,2";
				TEST_TARGET_NAME = "Observable Object";
			};
			name = Release;
		};
/* End XCBuildConfiguration section */

/* Begin XCConfigurationList section */
		834F3CD124435EF500130B99 /* Build configuration list for PBXProject "Observable Object" */ = {
			isa = XCConfigurationList;
			buildConfigurations = (
				834F3D0124435EFC00130B99 /* Debug */,
				834F3D0224435EFC00130B99 /* Release */,
			);
			defaultConfigurationIsVisible = 0;
			defaultConfigurationName = Release;
		};
		834F3D0324435EFC00130B99 /* Build configuration list for PBXNativeTarget "Observable Object" */ = {
			isa = XCConfigurationList;
			buildConfigurations = (
				834F3D0424435EFC00130B99 /* Debug */,
				834F3D0524435EFC00130B99 /* Release */,
			);
			defaultConfigurationIsVisible = 0;
			defaultConfigurationName = Release;
		};
		834F3D0624435EFC00130B99 /* Build configuration list for PBXNativeTarget "Observable ObjectTests" */ = {
			isa = XCConfigurationList;
			buildConfigurations = (
				834F3D0724435EFC00130B99 /* Debug */,
				834F3D0824435EFC00130B99 /* Release */,
			);
			defaultConfigurationIsVisible = 0;
			defaultConfigurationName = Release;
		};
		834F3D0924435EFC00130B99 /* Build configuration list for PBXNativeTarget "Observable ObjectUITests" */ = {
			isa = XCConfigurationList;
			buildConfigurations = (
				834F3D0A24435EFC00130B99 /* Debug */,
				834F3D0B24435EFC00130B99 /* Release */,
			);
			defaultConfigurationIsVisible = 0;
			defaultConfigurationName = Release;
		};
/* End XCConfigurationList section */

/* Begin XCVersionGroup section */
		834F3CDD24435EF500130B99 /* Observable_Object.xcdatamodeld */ = {
			isa = XCVersionGroup;
			children = (
				834F3CDE24435EF500130B99 /* Observable_Object.xcdatamodel */,
			);
			currentVersion = 834F3CDE24435EF500130B99 /* Observable_Object.xcdatamodel */;
			path = Observable_Object.xcdatamodeld;
			sourceTree = "<group>";
			versionGroupType = wrapper.xcdatamodel;
		};
/* End XCVersionGroup section */
	};
	rootObject = 834F3CCE24435EF500130B99 /* Project object */;
}
